# @generated by Move, please check-in and do not edit manually.

[move]
version = 3
manifest_digest = "DA25C612FD93C2FAA0CED38CF376CF0529B822FFDAB6B7DD7F563A501B6EED02"
deps_digest = "F8BBB0CCB2491CA29A3DF03D6F92277A4F3574266507ACD77214D37ECA3F3082"
dependencies = [
  { id = "Sui", name = "Sui" },
]

[[move.package]]
id = "MoveStdlib"
source = { git = "https://github.com/MystenLabs/sui.git", rev = "framework/testnet", subdir = "crates/sui-framework/packages/move-stdlib" }

[[move.package]]
id = "Sui"
source = { git = "https://github.com/MystenLabs/sui.git", rev = "framework/testnet", subdir = "crates/sui-framework/packages/sui-framework" }

dependencies = [
  { id = "MoveStdlib", name = "MoveStdlib" },
]

[move.toolchain-version]
compiler-version = "1.37.1"
edition = "2024.beta"
flavor = "sui"

[env]

[env.testnet]
chain-id = "4c78adac"
original-published-id = "0x0000000000000000000000000000000000000000000000000000000000000000"
latest-published-id = "0x8962a8db205b4e9c1c4008c85763bc1f0152f13e3e7104ffa621486ed63b7834"
published-version = "1"

[env.devnet]
chain-id = "0fc07bbe"
original-published-id = "0xc6d9fb6fac25b4c1f40ed78a73638ae944785af1f4dd2b88f1574ee2e6a33796"
latest-published-id = "0xc6d9fb6fac25b4c1f40ed78a73638ae944785af1f4dd2b88f1574ee2e6a33796"
published-version = "1"
